# This file was autogenerated by Stack.
# You should not edit this file by hand.
# For more information, please see the documentation at:
#   https://docs.haskellstack.org/en/stable/lock_files

packages:
- completed:
    commit: 3d72e03552f9a0411a9b1f57e06f40487c3e12f9
    git: https://github.com/lamdu/hypertypes.git
    name: hypertypes
    pantry-tree:
      sha256: ea0ab275129c1ffd6d06977478ee33c068f96ed455529033771178bcb9df5e95
      size: 6114
    version: 0.2.2
  original:
    commit: 3d72e03552f9a0411a9b1f57e06f40487c3e12f9
    git: https://github.com/lamdu/hypertypes.git
snapshots:
- completed:
    sha256: e019cd29e3f7f9dbad500225829a3f7a50f73c674614f2f452e21bb8bf5d99ea
    size: 650253
    url: https://raw.githubusercontent.com/commercialhaskell/stackage-snapshots/master/lts/20/24.yaml
  original: lts-20.24
