# This file was autogenerated by Stack.
# You should not edit this file by hand.
# For more information, please see the documentation at:
#   https://docs.haskellstack.org/en/stable/lock_files

packages:
- completed:
    commit: 0ec0aa2a7fb6af4bb70727d7ee590bcc02b607ed
    git: https://github.com/lamdu/hypertypes.git
    name: hypertypes
    pantry-tree:
      sha256: d7ba2cccfedeb5ec269948e50560853334aeb6d5ab000480ba28e46086b936eb
      size: 5824
    version: 0.2.0
  original:
    commit: 0ec0aa2a7fb6af4bb70727d7ee590bcc02b607ed
    git: https://github.com/lamdu/hypertypes.git
- completed:
    hackage: exinst-0.9@sha256:f211026788df975db7e79f1104238e9dcb24fd9df663df1d8aa10ff398a574ba,1024
    pantry-tree:
      sha256: 7c5f992b22296a6d9977c615c391b88f2ef02e709673acef2ea53b7a14f5f134
      size: 718
  original:
    hackage: exinst-0.9
- completed:
    hackage: exinst-base-0.9@sha256:ead6135195edddc6d30f5586b682d676a876644fe3c1bf001f0d774d890b8584,1124
    pantry-tree:
      sha256: b30ca82d4f54a38a93956f589d37a4357f62cb9e2fff0d96dc36ed8854cc3a21
      size: 329
  original:
    hackage: exinst-base-0.9
snapshots:
- completed:
    sha256: af5d667f6096e535b9c725a72cffe0f6c060e0568d9f9eeda04caee70d0d9d2d
    size: 649133
    url: https://raw.githubusercontent.com/commercialhaskell/stackage-snapshots/master/lts/20/12.yaml
  original: lts-20.12
